
Microsoft Visual Studio Solution File, Format Version 12.00
# Visual Studio Version 17
VisualStudioVersion = 17.8.34525.116
MinimumVisualStudioVersion = 10.0.40219.1
Project("{FAE04EC0-301F-11D3-BF4B-00C04F79EFBC}") = "CRM.API", "CRM.API\CRM.API.csproj", "{7CBF7B3C-E3FF-4ABF-8D1C-7E0A1A305963}"
EndProject
Project("{FAE04EC0-301F-11D3-BF4B-00C04F79EFBC}") = "CRM.DTOs", "CRM.DTOs\CRM.DTOs.csproj", "{1CFFC54F-7B5C-4BD3-AD91-69ED1F28BD9F}"
EndProject
Project("{FAE04EC0-301F-11D3-BF4B-00C04F79EFBC}") = "CRM.AppWebMVC", "CRM.AppWebMVC\CRM.AppWebMVC.csproj", "{36C9E70E-F400-4D57-92E4-2984B1B3F909}"
EndProject
Project("{FAE04EC0-301F-11D3-BF4B-00C04F79EFBC}") = "CRM.AppWebBlazor", "CRM.AppWebBlazor\CRM.AppWebBlazor.csproj", "{2CF8EFB2-501F-4416-A4C7-E29CDE870A85}"
EndProject
Global
	GlobalSection(SolutionConfigurationPlatforms) = preSolution
		Debug|Any CPU = Debug|Any CPU
		Release|Any CPU = Release|Any CPU
	EndGlobalSection
	GlobalSection(ProjectConfigurationPlatforms) = postSolution
		{7CBF7B3C-E3FF-4ABF-8D1C-7E0A1A305963}.Debug|Any CPU.ActiveCfg = Debug|Any CPU
		{7CBF7B3C-E3FF-4ABF-8D1C-7E0A1A305963}.Debug|Any CPU.Build.0 = Debug|Any CPU
		{7CBF7B3C-E3FF-4ABF-8D1C-7E0A1A305963}.Release|Any CPU.ActiveCfg = Release|Any CPU
		{7CBF7B3C-E3FF-4ABF-8D1C-7E0A1A305963}.Release|Any CPU.Build.0 = Release|Any CPU
		{1CFFC54F-7B5C-4BD3-AD91-69ED1F28BD9F}.Debug|Any CPU.ActiveCfg = Debug|Any CPU
		{1CFFC54F-7B5C-4BD3-AD91-69ED1F28BD9F}.Debug|Any CPU.Build.0 = Debug|Any CPU
		{1CFFC54F-7B5C-4BD3-AD91-69ED1F28BD9F}.Release|Any CPU.ActiveCfg = Release|Any CPU
		{1CFFC54F-7B5C-4BD3-AD91-69ED1F28BD9F}.Release|Any CPU.Build.0 = Release|Any CPU
		{36C9E70E-F400-4D57-92E4-2984B1B3F909}.Debug|Any CPU.ActiveCfg = Debug|Any CPU
		{36C9E70E-F400-4D57-92E4-2984B1B3F909}.Debug|Any CPU.Build.0 = Debug|Any CPU
		{36C9E70E-F400-4D57-92E4-2984B1B3F909}.Release|Any CPU.ActiveCfg = Release|Any CPU
		{36C9E70E-F400-4D57-92E4-2984B1B3F909}.Release|Any CPU.Build.0 = Release|Any CPU
		{2CF8EFB2-501F-4416-A4C7-E29CDE870A85}.Debug|Any CPU.ActiveCfg = Debug|Any CPU
		{2CF8EFB2-501F-4416-A4C7-E29CDE870A85}.Debug|Any CPU.Build.0 = Debug|Any CPU
		{2CF8EFB2-501F-4416-A4C7-E29CDE870A85}.Release|Any CPU.ActiveCfg = Release|Any CPU
		{2CF8EFB2-501F-4416-A4C7-E29CDE870A85}.Release|Any CPU.Build.0 = Release|Any CPU
	EndGlobalSection
	GlobalSection(SolutionProperties) = preSolution
		HideSolutionNode = FALSE
	EndGlobalSection
	GlobalSection(ExtensibilityGlobals) = postSolution
		SolutionGuid = {56BDE3C1-F774-45DC-BF6A-C7CE705254C1}
	EndGlobalSection
EndGlobal
